
Microsoft Visual Studio Solution File, Format Version 12.00
# Visual Studio Version 17
VisualStudioVersion = 17.11.35327.3
MinimumVisualStudioVersion = 10.0.40219.1
Project("{FAE04EC0-301F-11D3-BF4B-00C04F79EFBC}") = "CMSC308-TypeCheck", "CMSC308-TypeCheck.csproj", "{CAEC90E5-EFD9-4683-BCE2-517E8C21069B}"
EndProject
Global
	GlobalSection(SolutionConfigurationPlatforms) = preSolution
		Debug|Any CPU = Debug|Any CPU
		Release|Any CPU = Release|Any CPU
	EndGlobalSection
	GlobalSection(ProjectConfigurationPlatforms) = postSolution
		{CAEC90E5-EFD9-4683-BCE2-517E8C21069B}.Debug|Any CPU.ActiveCfg = Debug|Any CPU
		{CAEC90E5-EFD9-4683-BCE2-517E8C21069B}.Debug|Any CPU.Build.0 = Debug|Any CPU
		{CAEC90E5-EFD9-4683-BCE2-517E8C21069B}.Release|Any CPU.ActiveCfg = Release|Any CPU
		{CAEC90E5-EFD9-4683-BCE2-517E8C21069B}.Release|Any CPU.Build.0 = Release|Any CPU
	EndGlobalSection
	GlobalSection(SolutionProperties) = preSolution
		HideSolutionNode = FALSE
	EndGlobalSection
	GlobalSection(ExtensibilityGlobals) = postSolution
		SolutionGuid = {A77F495D-C0A8-4D37-80B0-651F1ABD420B}
	EndGlobalSection
EndGlobal
